
Microsoft Visual Studio Solution File, Format Version 12.00
# Visual Studio Version 16
VisualStudioVersion = 16.0.31911.196
MinimumVisualStudioVersion = 10.0.40219.1
Project("{FAE04EC0-301F-11D3-BF4B-00C04F79EFBC}") = "OpenConsole", "OpenConsole\OpenConsole.csproj", "{708EF019-560F-4969-B506-34C3773CEF62}"
EndProject
Global
	GlobalSection(SolutionConfigurationPlatforms) = preSolution
		Debug|Any CPU = Debug|Any CPU
		Release|Any CPU = Release|Any CPU
	EndGlobalSection
	GlobalSection(ProjectConfigurationPlatforms) = postSolution
		{708EF019-560F-4969-B506-34C3773CEF62}.Debug|Any CPU.ActiveCfg = Debug|Any CPU
		{708EF019-560F-4969-B506-34C3773CEF62}.Debug|Any CPU.Build.0 = Debug|Any CPU
		{708EF019-560F-4969-B506-34C3773CEF62}.Release|Any CPU.ActiveCfg = Release|Any CPU
		{708EF019-560F-4969-B506-34C3773CEF62}.Release|Any CPU.Build.0 = Release|Any CPU
	EndGlobalSection
	GlobalSection(SolutionProperties) = preSolution
		HideSolutionNode = FALSE
	EndGlobalSection
	GlobalSection(ExtensibilityGlobals) = postSolution
		SolutionGuid = {21EF0092-EB30-4ACD-86E4-4053D71112AA}
	EndGlobalSection
EndGlobal
